
Microsoft Visual Studio Solution File, Format Version 12.00
# Visual Studio Version 17
VisualStudioVersion = 17.13.35806.99 d17.13
MinimumVisualStudioVersion = 10.0.40219.1
Project("{FAE04EC0-301F-11D3-BF4B-00C04F79EFBC}") = "Homeix", "Homeix\Homeix.csproj", "{7E4D079D-CC1F-4862-A7E2-4A2B1F6C444D}"
EndProject
Global
	GlobalSection(SolutionConfigurationPlatforms) = preSolution
		Debug|Any CPU = Debug|Any CPU
		Release|Any CPU = Release|Any CPU
	EndGlobalSection
	GlobalSection(ProjectConfigurationPlatforms) = postSolution
		{7E4D079D-CC1F-4862-A7E2-4A2B1F6C444D}.Debug|Any CPU.ActiveCfg = Debug|Any CPU
		{7E4D079D-CC1F-4862-A7E2-4A2B1F6C444D}.Debug|Any CPU.Build.0 = Debug|Any CPU
		{7E4D079D-CC1F-4862-A7E2-4A2B1F6C444D}.Release|Any CPU.ActiveCfg = Release|Any CPU
		{7E4D079D-CC1F-4862-A7E2-4A2B1F6C444D}.Release|Any CPU.Build.0 = Release|Any CPU
	EndGlobalSection
	GlobalSection(SolutionProperties) = preSolution
		HideSolutionNode = FALSE
	EndGlobalSection
	GlobalSection(ExtensibilityGlobals) = postSolution
		SolutionGuid = {EF492929-0316-42AB-B827-29ABE7C8EA58}
	EndGlobalSection
EndGlobal
